
Microsoft Visual Studio Solution File, Format Version 12.00
# Visual Studio Version 17
VisualStudioVersion = 17.7.34202.233
MinimumVisualStudioVersion = 10.0.40219.1
Project("{9A19103F-16F7-4668-BE54-9A1E7A4F7556}") = "Call Center_Server", "Call Center_Server\Call Center_Server.csproj", "{A9F83151-921B-4D53-9BFA-461677EDC30A}"
EndProject
Global
	GlobalSection(SolutionConfigurationPlatforms) = preSolution
		Debug|Any CPU = Debug|Any CPU
		Release|Any CPU = Release|Any CPU
	EndGlobalSection
	GlobalSection(ProjectConfigurationPlatforms) = postSolution
		{A9F83151-921B-4D53-9BFA-461677EDC30A}.Debug|Any CPU.ActiveCfg = Debug|Any CPU
		{A9F83151-921B-4D53-9BFA-461677EDC30A}.Debug|Any CPU.Build.0 = Debug|Any CPU
		{A9F83151-921B-4D53-9BFA-461677EDC30A}.Release|Any CPU.ActiveCfg = Release|Any CPU
		{A9F83151-921B-4D53-9BFA-461677EDC30A}.Release|Any CPU.Build.0 = Release|Any CPU
	EndGlobalSection
	GlobalSection(SolutionProperties) = preSolution
		HideSolutionNode = FALSE
	EndGlobalSection
	GlobalSection(ExtensibilityGlobals) = postSolution
		SolutionGuid = {0C850047-192E-4034-AD23-123F0653EC84}
	EndGlobalSection
EndGlobal
